
Microsoft Visual Studio Solution File, Format Version 12.00
# Visual Studio 14
VisualStudioVersion = 14.0.25420.1
MinimumVisualStudioVersion = 10.0.40219.1
Project("{8BC9CEB8-8B4A-11D0-8D11-00A0C91BC942}") = "Calculator", "Calculator\Calculator.vcxproj", "{EA76111D-0A39-42CF-BBEA-B10F491DD263}"
EndProject
Project("{8BC9CEB8-8B4A-11D0-8D11-00A0C91BC942}") = "TEST", "TEST\TEST.vcxproj", "{EFB5F798-8BD1-4322-B1AE-88C20572E87D}"
EndProject
Global
	GlobalSection(SolutionConfigurationPlatforms) = preSolution
		Debug|x64 = Debug|x64
		Debug|x86 = Debug|x86
		Release|x64 = Release|x64
		Release|x86 = Release|x86
	EndGlobalSection
	GlobalSection(ProjectConfigurationPlatforms) = postSolution
		{EA76111D-0A39-42CF-BBEA-B10F491DD263}.Debug|x64.ActiveCfg = Debug|x64
		{EA76111D-0A39-42CF-BBEA-B10F491DD263}.Debug|x64.Build.0 = Debug|x64
		{EA76111D-0A39-42CF-BBEA-B10F491DD263}.Debug|x86.ActiveCfg = Debug|Win32
		{EA76111D-0A39-42CF-BBEA-B10F491DD263}.Debug|x86.Build.0 = Debug|Win32
		{EA76111D-0A39-42CF-BBEA-B10F491DD263}.Release|x64.ActiveCfg = Release|x64
		{EA76111D-0A39-42CF-BBEA-B10F491DD263}.Release|x64.Build.0 = Release|x64
		{EA76111D-0A39-42CF-BBEA-B10F491DD263}.Release|x86.ActiveCfg = Release|Win32
		{EA76111D-0A39-42CF-BBEA-B10F491DD263}.Release|x86.Build.0 = Release|Win32
		{EFB5F798-8BD1-4322-B1AE-88C20572E87D}.Debug|x64.ActiveCfg = Debug|x64
		{EFB5F798-8BD1-4322-B1AE-88C20572E87D}.Debug|x64.Build.0 = Debug|x64
		{EFB5F798-8BD1-4322-B1AE-88C20572E87D}.Debug|x86.ActiveCfg = Debug|Win32
		{EFB5F798-8BD1-4322-B1AE-88C20572E87D}.Debug|x86.Build.0 = Debug|Win32
		{EFB5F798-8BD1-4322-B1AE-88C20572E87D}.Release|x64.ActiveCfg = Release|x64
		{EFB5F798-8BD1-4322-B1AE-88C20572E87D}.Release|x64.Build.0 = Release|x64
		{EFB5F798-8BD1-4322-B1AE-88C20572E87D}.Release|x86.ActiveCfg = Release|Win32
		{EFB5F798-8BD1-4322-B1AE-88C20572E87D}.Release|x86.Build.0 = Release|Win32
	EndGlobalSection
	GlobalSection(SolutionProperties) = preSolution
		HideSolutionNode = FALSE
	EndGlobalSection
EndGlobal
